// !$*UTF8*$!
{
	archiveVersion = 1;
	classes = {
	};
	objectVersion = 46;
	objects = {

/* Begin PBXBuildFile section */
		43005B37160066DC00F579AF /* UIKit.framework in Frameworks */ = {isa = PBXBuildFile; fileRef = 43005B36160066DC00F579AF /* UIKit.framework */; };
		43005B39160066DC00F579AF /* Foundation.framework in Frameworks */ = {isa = PBXBuildFile; fileRef = 43005B38160066DC00F579AF /* Foundation.framework */; };
		43005B3B160066DC00F579AF /* CoreGraphics.framework in Frameworks */ = {isa = PBXBuildFile; fileRef = 43005B3A160066DC00F579AF /* CoreGraphics.framework */; };
		43005B41160066DC00F579AF /* InfoPlist.strings in Resources */ = {isa = PBXBuildFile; fileRef = 43005B3F160066DC00F579AF /* InfoPlist.strings */; };
		43005B43160066DC00F579AF /* main.m in Sources */ = {isa = PBXBuildFile; fileRef = 43005B42160066DC00F579AF /* main.m */; };
		43005B47160066DC00F579AF /* AppDelegate.m in Sources */ = {isa = PBXBuildFile; fileRef = 43005B46160066DC00F579AF /* AppDelegate.m */; };
		43005B4A160066DC00F579AF /* MainStoryboard.storyboard in Resources */ = {isa = PBXBuildFile; fileRef = 43005B48160066DC00F579AF /* MainStoryboard.storyboard */; };
		43005B4D160066DC00F579AF /* ViewController.m in Sources */ = {isa = PBXBuildFile; fileRef = 43005B4C160066DC00F579AF /* ViewController.m */; };
		43005B55160066DC00F579AF /* SenTestingKit.framework in Frameworks */ = {isa = PBXBuildFile; fileRef = 43005B54160066DC00F579AF /* SenTestingKit.framework */; };
		43005B56160066DC00F579AF /* UIKit.framework in Frameworks */ = {isa = PBXBuildFile; fileRef = 43005B36160066DC00F579AF /* UIKit.framework */; };
		43005B57160066DC00F579AF /* Foundation.framework in Frameworks */ = {isa = PBXBuildFile; fileRef = 43005B38160066DC00F579AF /* Foundation.framework */; };
		43005B5F160066DC00F579AF /* InfoPlist.strings in Resources */ = {isa = PBXBuildFile; fileRef = 43005B5D160066DC00F579AF /* InfoPlist.strings */; };
		43005B62160066DC00F579AF /* oekakiTests.m in Sources */ = {isa = PBXBuildFile; fileRef = 43005B61160066DC00F579AF /* oekakiTests.m */; };
/* End PBXBuildFile section */

/* Begin PBXContainerItemProxy section */
		43005B58160066DC00F579AF /* PBXContainerItemProxy */ = {
			isa = PBXContainerItemProxy;
			containerPortal = 43005B29160066DC00F579AF /* Project object */;
			proxyType = 1;
			remoteGlobalIDString = 43005B31160066DC00F579AF;
			remoteInfo = oekaki;
		};
/* End PBXContainerItemProxy section */

/* Begin PBXFileReference section */
		43005B32160066DC00F579AF /* oekaki.app */ = {isa = PBXFileReference; explicitFileType = wrapper.application; includeInIndex = 0; path = oekaki.app; sourceTree = BUILT_PRODUCTS_DIR; };
		43005B36160066DC00F579AF /* UIKit.framework */ = {isa = PBXFileReference; lastKnownFileType = wrapper.framework; name = UIKit.framework; path = System/Library/Frameworks/UIKit.framework; sourceTree = SDKROOT; };
		43005B38160066DC00F579AF /* Foundation.framework */ = {isa = PBXFileReference; lastKnownFileType = wrapper.framework; name = Foundation.framework; path = System/Library/Frameworks/Foundation.framework; sourceTree = SDKROOT; };
		43005B3A160066DC00F579AF /* CoreGraphics.framework */ = {isa = PBXFileReference; lastKnownFileType = wrapper.framework; name = CoreGraphics.framework; path = System/Library/Frameworks/CoreGraphics.framework; sourceTree = SDKROOT; };
		43005B3E160066DC00F579AF /* oekaki-Info.plist */ = {isa = PBXFileReference; lastKnownFileType = text.plist.xml; path = "oekaki-Info.plist"; sourceTree = "<group>"; };
		43005B40160066DC00F579AF /* en */ = {isa = PBXFileReference; lastKnownFileType = text.plist.strings; name = en; path = en.lproj/InfoPlist.strings; sourceTree = "<group>"; };
		43005B42160066DC00F579AF /* main.m */ = {isa = PBXFileReference; lastKnownFileType = sourcecode.c.objc; path = main.m; sourceTree = "<group>"; };
		43005B44160066DC00F579AF /* oekaki-Prefix.pch */ = {isa = PBXFileReference; lastKnownFileType = sourcecode.c.h; path = "oekaki-Prefix.pch"; sourceTree = "<group>"; };
		43005B45160066DC00F579AF /* AppDelegate.h */ = {isa = PBXFileReference; lastKnownFileType = sourcecode.c.h; path = AppDelegate.h; sourceTree = "<group>"; };
		43005B46160066DC00F579AF /* AppDelegate.m */ = {isa = PBXFileReference; lastKnownFileType = sourcecode.c.objc; path = AppDelegate.m; sourceTree = "<group>"; };
		43005B49160066DC00F579AF /* en */ = {isa = PBXFileReference; lastKnownFileType = file.storyboard; name = en; path = en.lproj/MainStoryboard.storyboard; sourceTree = "<group>"; };
		43005B4B160066DC00F579AF /* ViewController.h */ = {isa = PBXFileReference; lastKnownFileType = sourcecode.c.h; path = ViewController.h; sourceTree = "<group>"; };
		43005B4C160066DC00F579AF /* ViewController.m */ = {isa = PBXFileReference; lastKnownFileType = sourcecode.c.objc; path = ViewController.m; sourceTree = "<group>"; };
		43005B53160066DC00F579AF /* oekakiTests.octest */ = {isa = PBXFileReference; explicitFileType = wrapper.cfbundle; includeInIndex = 0; path = oekakiTests.octest; sourceTree = BUILT_PRODUCTS_DIR; };
		43005B54160066DC00F579AF /* SenTestingKit.framework */ = {isa = PBXFileReference; lastKnownFileType = wrapper.framework; name = SenTestingKit.framework; path = Library/Frameworks/SenTestingKit.framework; sourceTree = DEVELOPER_DIR; };
		43005B5C160066DC00F579AF /* oekakiTests-Info.plist */ = {isa = PBXFileReference; lastKnownFileType = text.plist.xml; path = "oekakiTests-Info.plist"; sourceTree = "<group>"; };
		43005B5E160066DC00F579AF /* en */ = {isa = PBXFileReference; lastKnownFileType = text.plist.strings; name = en; path = en.lproj/InfoPlist.strings; sourceTree = "<group>"; };
		43005B60160066DC00F579AF /* oekakiTests.h */ = {isa = PBXFileReference; lastKnownFileType = sourcecode.c.h; path = oekakiTests.h; sourceTree = "<group>"; };
		43005B61160066DC00F579AF /* oekakiTests.m */ = {isa = PBXFileReference; lastKnownFileType = sourcecode.c.objc; path = oekakiTests.m; sourceTree = "<group>"; };
/* End PBXFileReference section */

/* Begin PBXFrameworksBuildPhase section */
		43005B2F160066DC00F579AF /* Frameworks */ = {
			isa = PBXFrameworksBuildPhase;
			buildActionMask = 2147483647;
			files = (
				43005B37160066DC00F579AF /* UIKit.framework in Frameworks */,
				43005B39160066DC00F579AF /* Foundation.framework in Frameworks */,
				43005B3B160066DC00F579AF /* CoreGraphics.framework in Frameworks */,
			);
			runOnlyForDeploymentPostprocessing = 0;
		};
		43005B4F160066DC00F579AF /* Frameworks */ = {
			isa = PBXFrameworksBuildPhase;
			buildActionMask = 2147483647;
			files = (
				43005B55160066DC00F579AF /* SenTestingKit.framework in Frameworks */,
				43005B56160066DC00F579AF /* UIKit.framework in Frameworks */,
				43005B57160066DC00F579AF /* Foundation.framework in Frameworks */,
			);
			runOnlyForDeploymentPostprocessing = 0;
		};
/* End PBXFrameworksBuildPhase section */

/* Begin PBXGroup section */
		43005B27160066DC00F579AF = {
			isa = PBXGroup;
			children = (
				43005B3C160066DC00F579AF /* oekaki */,
				43005B5A160066DC00F579AF /* oekakiTests */,
				43005B35160066DC00F579AF /* Frameworks */,
				43005B33160066DC00F579AF /* Products */,
			);
			sourceTree = "<group>";
		};
		43005B33160066DC00F579AF /* Products */ = {
			isa = PBXGroup;
			children = (
				43005B32160066DC00F579AF /* oekaki.app */,
				43005B53160066DC00F579AF /* oekakiTests.octest */,
			);
			name = Products;
			sourceTree = "<group>";
		};
		43005B35160066DC00F579AF /* Frameworks */ = {
			isa = PBXGroup;
			children = (
				43005B36160066DC00F579AF /* UIKit.framework */,
				43005B38160066DC00F579AF /* Foundation.framework */,
				43005B3A160066DC00F579AF /* CoreGraphics.framework */,
				43005B54160066DC00F579AF /* SenTestingKit.framework */,
			);
			name = Frameworks;
			sourceTree = "<group>";
		};
		43005B3C160066DC00F579AF /* oekaki */ = {
			isa = PBXGroup;
			children = (
				43005B45160066DC00F579AF /* AppDelegate.h */,
				43005B46160066DC00F579AF /* AppDelegate.m */,
				43005B48160066DC00F579AF /* MainStoryboard.storyboard */,
				43005B4B160066DC00F579AF /* ViewController.h */,
				43005B4C160066DC00F579AF /* ViewController.m */,
				43005B3D160066DC00F579AF /* Supporting Files */,
			);
			path = oekaki;
			sourceTree = "<group>";
		};
		43005B3D160066DC00F579AF /* Supporting Files */ = {
			isa = PBXGroup;
			children = (
				43005B3E160066DC00F579AF /* oekaki-Info.plist */,
				43005B3F160066DC00F579AF /* InfoPlist.strings */,
				43005B42160066DC00F579AF /* main.m */,
				43005B44160066DC00F579AF /* oekaki-Prefix.pch */,
			);
			name = "Supporting Files";
			sourceTree = "<group>";
		};
		43005B5A160066DC00F579AF /* oekakiTests */ = {
			isa = PBXGroup;
			children = (
				43005B60160066DC00F579AF /* oekakiTests.h */,
				43005B61160066DC00F579AF /* oekakiTests.m */,
				43005B5B160066DC00F579AF /* Supporting Files */,
			);
			path = oekakiTests;
			sourceTree = "<group>";
		};
		43005B5B160066DC00F579AF /* Supporting Files */ = {
			isa = PBXGroup;
			children = (
				43005B5C160066DC00F579AF /* oekakiTests-Info.plist */,
				43005B5D160066DC00F579AF /* InfoPlist.strings */,
			);
			name = "Supporting Files";
			sourceTree = "<group>";
		};
/* End PBXGroup section */

/* Begin PBXNativeTarget section */
		43005B31160066DC00F579AF /* oekaki */ = {
			isa = PBXNativeTarget;
			buildConfigurationList = 43005B65160066DC00F579AF /* Build configuration list for PBXNativeTarget "oekaki" */;
			buildPhases = (
				43005B2E160066DC00F579AF /* Sources */,
				43005B2F160066DC00F579AF /* Frameworks */,
				43005B30160066DC00F579AF /* Resources */,
			);
			buildRules = (
			);
			dependencies = (
			);
			name = oekaki;
			productName = oekaki;
			productReference = 43005B32160066DC00F579AF /* oekaki.app */;
			productType = "com.apple.product-type.application";
		};
		43005B52160066DC00F579AF /* oekakiTests */ = {
			isa = PBXNativeTarget;
			buildConfigurationList = 43005B68160066DC00F579AF /* Build configuration list for PBXNativeTarget "oekakiTests" */;
			buildPhases = (
				43005B4E160066DC00F579AF /* Sources */,
				43005B4F160066DC00F579AF /* Frameworks */,
				43005B50160066DC00F579AF /* Resources */,
				43005B51160066DC00F579AF /* ShellScript */,
			);
			buildRules = (
			);
			dependencies = (
				43005B59160066DC00F579AF /* PBXTargetDependency */,
			);
			name = oekakiTests;
			productName = oekakiTests;
			productReference = 43005B53160066DC00F579AF /* oekakiTests.octest */;
			productType = "com.apple.product-type.bundle";
		};
/* End PBXNativeTarget section */

/* Begin PBXProject section */
		43005B29160066DC00F579AF /* Project object */ = {
			isa = PBXProject;
			attributes = {
				LastUpgradeCheck = 0440;
				ORGANIZATIONNAME = techcamp;
			};
			buildConfigurationList = 43005B2C160066DC00F579AF /* Build configuration list for PBXProject "oekaki" */;
			compatibilityVersion = "Xcode 3.2";
			developmentRegion = English;
			hasScannedForEncodings = 0;
			knownRegions = (
				en,
			);
			mainGroup = 43005B27160066DC00F579AF;
			productRefGroup = 43005B33160066DC00F579AF /* Products */;
			projectDirPath = "";
			projectRoot = "";
			targets = (
				43005B31160066DC00F579AF /* oekaki */,
				43005B52160066DC00F579AF /* oekakiTests */,
			);
		};
/* End PBXProject section */

/* Begin PBXResourcesBuildPhase section */
		43005B30160066DC00F579AF /* Resources */ = {
			isa = PBXResourcesBuildPhase;
			buildActionMask = 2147483647;
			files = (
				43005B41160066DC00F579AF /* InfoPlist.strings in Resources */,
				43005B4A160066DC00F579AF /* MainStoryboard.storyboard in Resources */,
			);
			runOnlyForDeploymentPostprocessing = 0;
		};
		43005B50160066DC00F579AF /* Resources */ = {
			isa = PBXResourcesBuildPhase;
			buildActionMask = 2147483647;
			files = (
				43005B5F160066DC00F579AF /* InfoPlist.strings in Resources */,
			);
			runOnlyForDeploymentPostprocessing = 0;
		};
/* End PBXResourcesBuildPhase section */

/* Begin PBXShellScriptBuildPhase section */
		43005B51160066DC00F579AF /* ShellScript */ = {
			isa = PBXShellScriptBuildPhase;
			buildActionMask = 2147483647;
			files = (
			);
			inputPaths = (
			);
			outputPaths = (
			);
			runOnlyForDeploymentPostprocessing = 0;
			shellPath = /bin/sh;
			shellScript = "# Run the unit tests in this test bundle.\n\"${SYSTEM_DEVELOPER_DIR}/Tools/RunUnitTests\"\n";
		};
/* End PBXShellScriptBuildPhase section */

/* Begin PBXSourcesBuildPhase section */
		43005B2E160066DC00F579AF /* Sources */ = {
			isa = PBXSourcesBuildPhase;
			buildActionMask = 2147483647;
			files = (
				43005B43160066DC00F579AF /* main.m in Sources */,
				43005B47160066DC00F579AF /* AppDelegate.m in Sources */,
				43005B4D160066DC00F579AF /* ViewController.m in Sources */,
			);
			runOnlyForDeploymentPostprocessing = 0;
		};
		43005B4E160066DC00F579AF /* Sources */ = {
			isa = PBXSourcesBuildPhase;
			buildActionMask = 2147483647;
			files = (
				43005B62160066DC00F579AF /* oekakiTests.m in Sources */,
			);
			runOnlyForDeploymentPostprocessing = 0;
		};
/* End PBXSourcesBuildPhase section */

/* Begin PBXTargetDependency section */
		43005B59160066DC00F579AF /* PBXTargetDependency */ = {
			isa = PBXTargetDependency;
			target = 43005B31160066DC00F579AF /* oekaki */;
			targetProxy = 43005B58160066DC00F579AF /* PBXContainerItemProxy */;
		};
/* End PBXTargetDependency section */

/* Begin PBXVariantGroup section */
		43005B3F160066DC00F579AF /* InfoPlist.strings */ = {
			isa = PBXVariantGroup;
			children = (
				43005B40160066DC00F579AF /* en */,
			);
			name = InfoPlist.strings;
			sourceTree = "<group>";
		};
		43005B48160066DC00F579AF /* MainStoryboard.storyboard */ = {
			isa = PBXVariantGroup;
			children = (
				43005B49160066DC00F579AF /* en */,
			);
			name = MainStoryboard.storyboard;
			sourceTree = "<group>";
		};
		43005B5D160066DC00F579AF /* InfoPlist.strings */ = {
			isa = PBXVariantGroup;
			children = (
				43005B5E160066DC00F579AF /* en */,
			);
			name = InfoPlist.strings;
			sourceTree = "<group>";
		};
/* End PBXVariantGroup section */

/* Begin XCBuildConfiguration section */
		43005B63160066DC00F579AF /* Debug */ = {
			isa = XCBuildConfiguration;
			buildSettings = {
				ALWAYS_SEARCH_USER_PATHS = NO;
				ARCHS = "$(ARCHS_STANDARD_32_BIT)";
				CLANG_CXX_LANGUAGE_STANDARD = "gnu++0x";
				CLANG_ENABLE_OBJC_ARC = YES;
				CLANG_WARN__DUPLICATE_METHOD_MATCH = YES;
				"CODE_SIGN_IDENTITY[sdk=iphoneos*]" = "iPhone Developer";
				COPY_PHASE_STRIP = NO;
				GCC_C_LANGUAGE_STANDARD = gnu99;
				GCC_DYNAMIC_NO_PIC = NO;
				GCC_OPTIMIZATION_LEVEL = 0;
				GCC_PREPROCESSOR_DEFINITIONS = (
					"DEBUG=1",
					"$(inherited)",
				);
				GCC_SYMBOLS_PRIVATE_EXTERN = NO;
				GCC_VERSION = com.apple.compilers.llvm.clang.1_0;
				GCC_WARN_ABOUT_RETURN_TYPE = YES;
				GCC_WARN_UNINITIALIZED_AUTOS = YES;
				GCC_WARN_UNUSED_VARIABLE = YES;
				IPHONEOS_DEPLOYMENT_TARGET = 5.1;
				SDKROOT = iphoneos;
			};
			name = Debug;
		};
		43005B64160066DC00F579AF /* Release */ = {
			isa = XCBuildConfiguration;
			buildSettings = {
				ALWAYS_SEARCH_USER_PATHS = NO;
				ARCHS = "$(ARCHS_STANDARD_32_BIT)";
				CLANG_CXX_LANGUAGE_STANDARD = "gnu++0x";
				CLANG_ENABLE_OBJC_ARC = YES;
				CLANG_WARN__DUPLICATE_METHOD_MATCH = YES;
				"CODE_SIGN_IDENTITY[sdk=iphoneos*]" = "iPhone Developer";
				COPY_PHASE_STRIP = YES;
				GCC_C_LANGUAGE_STANDARD = gnu99;
				GCC_VERSION = com.apple.compilers.llvm.clang.1_0;
				GCC_WARN_ABOUT_RETURN_TYPE = YES;
				GCC_WARN_UNINITIALIZED_AUTOS = YES;
				GCC_WARN_UNUSED_VARIABLE = YES;
				IPHONEOS_DEPLOYMENT_TARGET = 5.1;
				OTHER_CFLAGS = "-DNS_BLOCK_ASSERTIONS=1";
				SDKROOT = iphoneos;
				VALIDATE_PRODUCT = YES;
			};
			name = Release;
		};
		43005B66160066DC00F579AF /* Debug */ = {
			isa = XCBuildConfiguration;
			buildSettings = {
				GCC_PRECOMPILE_PREFIX_HEADER = YES;
				GCC_PREFIX_HEADER = "oekaki/oekaki-Prefix.pch";
				INFOPLIST_FILE = "oekaki/oekaki-Info.plist";
				PRODUCT_NAME = "$(TARGET_NAME)";
				WRAPPER_EXTENSION = app;
			};
			name = Debug;
		};
		43005B67160066DC00F579AF /* Release */ = {
			isa = XCBuildConfiguration;
			buildSettings = {
				GCC_PRECOMPILE_PREFIX_HEADER = YES;
				GCC_PREFIX_HEADER = "oekaki/oekaki-Prefix.pch";
				INFOPLIST_FILE = "oekaki/oekaki-Info.plist";
				PRODUCT_NAME = "$(TARGET_NAME)";
				WRAPPER_EXTENSION = app;
			};
			name = Release;
		};
		43005B69160066DC00F579AF /* Debug */ = {
			isa = XCBuildConfiguration;
			buildSettings = {
				BUNDLE_LOADER = "$(BUILT_PRODUCTS_DIR)/oekaki.app/oekaki";
				FRAMEWORK_SEARCH_PATHS = (
					"\"$(SDKROOT)/Developer/Library/Frameworks\"",
					"\"$(DEVELOPER_LIBRARY_DIR)/Frameworks\"",
				);
				GCC_PRECOMPILE_PREFIX_HEADER = YES;
				GCC_PREFIX_HEADER = "oekaki/oekaki-Prefix.pch";
				INFOPLIST_FILE = "oekakiTests/oekakiTests-Info.plist";
				PRODUCT_NAME = "$(TARGET_NAME)";
				TEST_HOST = "$(BUNDLE_LOADER)";
				WRAPPER_EXTENSION = octest;
			};
			name = Debug;
		};
		43005B6A160066DC00F579AF /* Release */ = {
			isa = XCBuildConfiguration;
			buildSettings = {
				BUNDLE_LOADER = "$(BUILT_PRODUCTS_DIR)/oekaki.app/oekaki";
				FRAMEWORK_SEARCH_PATHS = (
					"\"$(SDKROOT)/Developer/Library/Frameworks\"",
					"\"$(DEVELOPER_LIBRARY_DIR)/Frameworks\"",
				);
				GCC_PRECOMPILE_PREFIX_HEADER = YES;
				GCC_PREFIX_HEADER = "oekaki/oekaki-Prefix.pch";
				INFOPLIST_FILE = "oekakiTests/oekakiTests-Info.plist";
				PRODUCT_NAME = "$(TARGET_NAME)";
				TEST_HOST = "$(BUNDLE_LOADER)";
				WRAPPER_EXTENSION = octest;
			};
			name = Release;
		};
/* End XCBuildConfiguration section */

/* Begin XCConfigurationList section */
		43005B2C160066DC00F579AF /* Build configuration list for PBXProject "oekaki" */ = {
			isa = XCConfigurationList;
			buildConfigurations = (
				43005B63160066DC00F579AF /* Debug */,
				43005B64160066DC00F579AF /* Release */,
			);
			defaultConfigurationIsVisible = 0;
			defaultConfigurationName = Release;
		};
		43005B65160066DC00F579AF /* Build configuration list for PBXNativeTarget "oekaki" */ = {
			isa = XCConfigurationList;
			buildConfigurations = (
				43005B66160066DC00F579AF /* Debug */,
				43005B67160066DC00F579AF /* Release */,
			);
			defaultConfigurationIsVisible = 0;
		};
		43005B68160066DC00F579AF /* Build configuration list for PBXNativeTarget "oekakiTests" */ = {
			isa = XCConfigurationList;
			buildConfigurations = (
				43005B69160066DC00F579AF /* Debug */,
				43005B6A160066DC00F579AF /* Release */,
			);
			defaultConfigurationIsVisible = 0;
		};
/* End XCConfigurationList section */
	};
	rootObject = 43005B29160066DC00F579AF /* Project object */;
}
